
Microsoft Visual Studio Solution File, Format Version 12.00
# Visual Studio Version 17
VisualStudioVersion = 17.9.34728.123
MinimumVisualStudioVersion = 10.0.40219.1
Project("{FAE04EC0-301F-11D3-BF4B-00C04F79EFBC}") = "AvaloniaWeatherMVVM", "AvaloniaWeatherMVVM.csproj", "{923560A8-D87D-4167-AC65-FD32530BAB0F}"
EndProject
Global
	GlobalSection(SolutionConfigurationPlatforms) = preSolution
		Debug|Any CPU = Debug|Any CPU
		Release|Any CPU = Release|Any CPU
	EndGlobalSection
	GlobalSection(ProjectConfigurationPlatforms) = postSolution
		{923560A8-D87D-4167-AC65-FD32530BAB0F}.Debug|Any CPU.ActiveCfg = Debug|Any CPU
		{923560A8-D87D-4167-AC65-FD32530BAB0F}.Debug|Any CPU.Build.0 = Debug|Any CPU
		{923560A8-D87D-4167-AC65-FD32530BAB0F}.Release|Any CPU.ActiveCfg = Release|Any CPU
		{923560A8-D87D-4167-AC65-FD32530BAB0F}.Release|Any CPU.Build.0 = Release|Any CPU
	EndGlobalSection
	GlobalSection(SolutionProperties) = preSolution
		HideSolutionNode = FALSE
	EndGlobalSection
	GlobalSection(ExtensibilityGlobals) = postSolution
		SolutionGuid = {25965C54-6DC3-490A-8755-25BA9C9A5258}
	EndGlobalSection
EndGlobal
